
Microsoft Visual Studio Solution File, Format Version 12.00
Project("{FAE04EC0-301F-11D3-BF4B-00C04F79EFBC}") = "dotcli", "dotcli.csproj", "{F691C2CF-4C4D-453E-9461-94C76F213347}"
EndProject
Global
	GlobalSection(SolutionConfigurationPlatforms) = preSolution
		Debug|Any CPU = Debug|Any CPU
		Release|Any CPU = Release|Any CPU
	EndGlobalSection
	GlobalSection(ProjectConfigurationPlatforms) = postSolution
		{F691C2CF-4C4D-453E-9461-94C76F213347}.Debug|Any CPU.ActiveCfg = Debug|Any CPU
		{F691C2CF-4C4D-453E-9461-94C76F213347}.Debug|Any CPU.Build.0 = Debug|Any CPU
		{F691C2CF-4C4D-453E-9461-94C76F213347}.Release|Any CPU.ActiveCfg = Release|Any CPU
		{F691C2CF-4C4D-453E-9461-94C76F213347}.Release|Any CPU.Build.0 = Release|Any CPU
	EndGlobalSection
EndGlobal
